// !$*UTF8*$!
{
	archiveVersion = 1;
	classes = {
	};
	objectVersion = 50;
	objects = {

/* Begin PBXBuildFile section */
		A56CBBB123146DF7001F4AD9 /* AppDelegate.swift in Sources */ = {isa = PBXBuildFile; fileRef = A56CBBB023146DF7001F4AD9 /* AppDelegate.swift */; };
		A56CBBB623146DF7001F4AD9 /* Main.storyboard in Resources */ = {isa = PBXBuildFile; fileRef = A56CBBB423146DF7001F4AD9 /* Main.storyboard */; };
		A56CBBB823146DF8001F4AD9 /* Assets.xcassets in Resources */ = {isa = PBXBuildFile; fileRef = A56CBBB723146DF8001F4AD9 /* Assets.xcassets */; };
		A56CBBBB23146DF8001F4AD9 /* LaunchScreen.storyboard in Resources */ = {isa = PBXBuildFile; fileRef = A56CBBB923146DF8001F4AD9 /* LaunchScreen.storyboard */; };
		A56CBBC523146E06001F4AD9 /* CloudKit.framework in Frameworks */ = {isa = PBXBuildFile; fileRef = A56CBBC423146E06001F4AD9 /* CloudKit.framework */; };
		A56CBBCB23146F00001F4AD9 /* Entry.swift in Sources */ = {isa = PBXBuildFile; fileRef = A56CBBCA23146F00001F4AD9 /* Entry.swift */; };
		A56CBBCD23147474001F4AD9 /* EntryController.swift in Sources */ = {isa = PBXBuildFile; fileRef = A56CBBCC23147474001F4AD9 /* EntryController.swift */; };
		A56CBBCF23147A88001F4AD9 /* EntryListTableViewController.swift in Sources */ = {isa = PBXBuildFile; fileRef = A56CBBCE23147A88001F4AD9 /* EntryListTableViewController.swift */; };
		A56CBBD123147FBD001F4AD9 /* EntryDetailViewController.swift in Sources */ = {isa = PBXBuildFile; fileRef = A56CBBD023147FBD001F4AD9 /* EntryDetailViewController.swift */; };
/* End PBXBuildFile section */

/* Begin PBXFileReference section */
		A56CBBAD23146DF7001F4AD9 /* Journal - CK.app */ = {isa = PBXFileReference; explicitFileType = wrapper.application; includeInIndex = 0; path = "Journal - CK.app"; sourceTree = BUILT_PRODUCTS_DIR; };
		A56CBBB023146DF7001F4AD9 /* AppDelegate.swift */ = {isa = PBXFileReference; lastKnownFileType = sourcecode.swift; path = AppDelegate.swift; sourceTree = "<group>"; };
		A56CBBB523146DF7001F4AD9 /* Base */ = {isa = PBXFileReference; lastKnownFileType = file.storyboard; name = Base; path = Base.lproj/Main.storyboard; sourceTree = "<group>"; };
		A56CBBB723146DF8001F4AD9 /* Assets.xcassets */ = {isa = PBXFileReference; lastKnownFileType = folder.assetcatalog; path = Assets.xcassets; sourceTree = "<group>"; };
		A56CBBBA23146DF8001F4AD9 /* Base */ = {isa = PBXFileReference; lastKnownFileType = file.storyboard; name = Base; path = Base.lproj/LaunchScreen.storyboard; sourceTree = "<group>"; };
		A56CBBBC23146DF8001F4AD9 /* Info.plist */ = {isa = PBXFileReference; lastKnownFileType = text.plist.xml; path = Info.plist; sourceTree = "<group>"; };
		A56CBBC223146E04001F4AD9 /* Journal - CK.entitlements */ = {isa = PBXFileReference; lastKnownFileType = text.plist.entitlements; path = "Journal - CK.entitlements"; sourceTree = "<group>"; };
		A56CBBC423146E06001F4AD9 /* CloudKit.framework */ = {isa = PBXFileReference; lastKnownFileType = wrapper.framework; name = CloudKit.framework; path = System/Library/Frameworks/CloudKit.framework; sourceTree = SDKROOT; };
		A56CBBCA23146F00001F4AD9 /* Entry.swift */ = {isa = PBXFileReference; lastKnownFileType = sourcecode.swift; path = Entry.swift; sourceTree = "<group>"; };
		A56CBBCC23147474001F4AD9 /* EntryController.swift */ = {isa = PBXFileReference; lastKnownFileType = sourcecode.swift; path = EntryController.swift; sourceTree = "<group>"; };
		A56CBBCE23147A88001F4AD9 /* EntryListTableViewController.swift */ = {isa = PBXFileReference; lastKnownFileType = sourcecode.swift; path = EntryListTableViewController.swift; sourceTree = "<group>"; };
		A56CBBD023147FBD001F4AD9 /* EntryDetailViewController.swift */ = {isa = PBXFileReference; lastKnownFileType = sourcecode.swift; path = EntryDetailViewController.swift; sourceTree = "<group>"; };
/* End PBXFileReference section */

/* Begin PBXFrameworksBuildPhase section */
		A56CBBAA23146DF7001F4AD9 /* Frameworks */ = {
			isa = PBXFrameworksBuildPhase;
			buildActionMask = 2147483647;
			files = (
				A56CBBC523146E06001F4AD9 /* CloudKit.framework in Frameworks */,
			);
			runOnlyForDeploymentPostprocessing = 0;
		};
/* End PBXFrameworksBuildPhase section */

/* Begin PBXGroup section */
		A56CBBA423146DF7001F4AD9 = {
			isa = PBXGroup;
			children = (
				A56CBBAF23146DF7001F4AD9 /* Journal - CK */,
				A56CBBAE23146DF7001F4AD9 /* Products */,
				A56CBBC323146E06001F4AD9 /* Frameworks */,
			);
			sourceTree = "<group>";
		};
		A56CBBAE23146DF7001F4AD9 /* Products */ = {
			isa = PBXGroup;
			children = (
				A56CBBAD23146DF7001F4AD9 /* Journal - CK.app */,
			);
			name = Products;
			sourceTree = "<group>";
		};
		A56CBBAF23146DF7001F4AD9 /* Journal - CK */ = {
			isa = PBXGroup;
			children = (
				A56CBBB423146DF7001F4AD9 /* Main.storyboard */,
				A56CBBC923146E3E001F4AD9 /* View Controller */,
				A56CBBC823146E37001F4AD9 /* Model Controller */,
				A56CBBC723146E30001F4AD9 /* Model */,
				A56CBBC623146E23001F4AD9 /* Resources */,
				A56CBBC223146E04001F4AD9 /* Journal - CK.entitlements */,
			);
			path = "Journal - CK";
			sourceTree = "<group>";
		};
		A56CBBC323146E06001F4AD9 /* Frameworks */ = {
			isa = PBXGroup;
			children = (
				A56CBBC423146E06001F4AD9 /* CloudKit.framework */,
			);
			name = Frameworks;
			sourceTree = "<group>";
		};
		A56CBBC623146E23001F4AD9 /* Resources */ = {
			isa = PBXGroup;
			children = (
				A56CBBB023146DF7001F4AD9 /* AppDelegate.swift */,
				A56CBBB723146DF8001F4AD9 /* Assets.xcassets */,
				A56CBBB923146DF8001F4AD9 /* LaunchScreen.storyboard */,
				A56CBBBC23146DF8001F4AD9 /* Info.plist */,
			);
			path = Resources;
			sourceTree = "<group>";
		};
		A56CBBC723146E30001F4AD9 /* Model */ = {
			isa = PBXGroup;
			children = (
				A56CBBCA23146F00001F4AD9 /* Entry.swift */,
			);
			path = Model;
			sourceTree = "<group>";
		};
		A56CBBC823146E37001F4AD9 /* Model Controller */ = {
			isa = PBXGroup;
			children = (
				A56CBBCC23147474001F4AD9 /* EntryController.swift */,
			);
			path = "Model Controller";
			sourceTree = "<group>";
		};
		A56CBBC923146E3E001F4AD9 /* View Controller */ = {
			isa = PBXGroup;
			children = (
				A56CBBCE23147A88001F4AD9 /* EntryListTableViewController.swift */,
				A56CBBD023147FBD001F4AD9 /* EntryDetailViewController.swift */,
			);
			path = "View Controller";
			sourceTree = "<group>";
		};
/* End PBXGroup section */

/* Begin PBXNativeTarget section */
		A56CBBAC23146DF7001F4AD9 /* Journal - CK */ = {
			isa = PBXNativeTarget;
			buildConfigurationList = A56CBBBF23146DF8001F4AD9 /* Build configuration list for PBXNativeTarget "Journal - CK" */;
			buildPhases = (
				A56CBBA923146DF7001F4AD9 /* Sources */,
				A56CBBAA23146DF7001F4AD9 /* Frameworks */,
				A56CBBAB23146DF7001F4AD9 /* Resources */,
			);
			buildRules = (
			);
			dependencies = (
			);
			name = "Journal - CK";
			productName = "Journal - CK";
			productReference = A56CBBAD23146DF7001F4AD9 /* Journal - CK.app */;
			productType = "com.apple.product-type.application";
		};
/* End PBXNativeTarget section */

/* Begin PBXProject section */
		A56CBBA523146DF7001F4AD9 /* Project object */ = {
			isa = PBXProject;
			attributes = {
				LastSwiftUpdateCheck = 1030;
				LastUpgradeCheck = 1030;
				ORGANIZATIONNAME = "Michael Moore";
				TargetAttributes = {
					A56CBBAC23146DF7001F4AD9 = {
						CreatedOnToolsVersion = 10.3;
						SystemCapabilities = {
							com.apple.Push = {
								enabled = 1;
							};
							com.apple.iCloud = {
								enabled = 1;
							};
						};
					};
				};
			};
			buildConfigurationList = A56CBBA823146DF7001F4AD9 /* Build configuration list for PBXProject "Journal - CK" */;
			compatibilityVersion = "Xcode 9.3";
			developmentRegion = en;
			hasScannedForEncodings = 0;
			knownRegions = (
				en,
				Base,
			);
			mainGroup = A56CBBA423146DF7001F4AD9;
			productRefGroup = A56CBBAE23146DF7001F4AD9 /* Products */;
			projectDirPath = "";
			projectRoot = "";
			targets = (
				A56CBBAC23146DF7001F4AD9 /* Journal - CK */,
			);
		};
/* End PBXProject section */

/* Begin PBXResourcesBuildPhase section */
		A56CBBAB23146DF7001F4AD9 /* Resources */ = {
			isa = PBXResourcesBuildPhase;
			buildActionMask = 2147483647;
			files = (
				A56CBBBB23146DF8001F4AD9 /* LaunchScreen.storyboard in Resources */,
				A56CBBB823146DF8001F4AD9 /* Assets.xcassets in Resources */,
				A56CBBB623146DF7001F4AD9 /* Main.storyboard in Resources */,
			);
			runOnlyForDeploymentPostprocessing = 0;
		};
/* End PBXResourcesBuildPhase section */

/* Begin PBXSourcesBuildPhase section */
		A56CBBA923146DF7001F4AD9 /* Sources */ = {
			isa = PBXSourcesBuildPhase;
			buildActionMask = 2147483647;
			files = (
				A56CBBCD23147474001F4AD9 /* EntryController.swift in Sources */,
				A56CBBCB23146F00001F4AD9 /* Entry.swift in Sources */,
				A56CBBCF23147A88001F4AD9 /* EntryListTableViewController.swift in Sources */,
				A56CBBD123147FBD001F4AD9 /* EntryDetailViewController.swift in Sources */,
				A56CBBB123146DF7001F4AD9 /* AppDelegate.swift in Sources */,
			);
			runOnlyForDeploymentPostprocessing = 0;
		};
/* End PBXSourcesBuildPhase section */

/* Begin PBXVariantGroup section */
		A56CBBB423146DF7001F4AD9 /* Main.storyboard */ = {
			isa = PBXVariantGroup;
			children = (
				A56CBBB523146DF7001F4AD9 /* Base */,
			);
			name = Main.storyboard;
			sourceTree = "<group>";
		};
		A56CBBB923146DF8001F4AD9 /* LaunchScreen.storyboard */ = {
			isa = PBXVariantGroup;
			children = (
				A56CBBBA23146DF8001F4AD9 /* Base */,
			);
			name = LaunchScreen.storyboard;
			sourceTree = "<group>";
		};
/* End PBXVariantGroup section */

/* Begin XCBuildConfiguration section */
		A56CBBBD23146DF8001F4AD9 /* Debug */ = {
			isa = XCBuildConfiguration;
			buildSettings = {
				ALWAYS_SEARCH_USER_PATHS = NO;
				CLANG_ANALYZER_NONNULL = YES;
				CLANG_ANALYZER_NUMBER_OBJECT_CONVERSION = YES_AGGRESSIVE;
				CLANG_CXX_LANGUAGE_STANDARD = "gnu++14";
				CLANG_CXX_LIBRARY = "libc++";
				CLANG_ENABLE_MODULES = YES;
				CLANG_ENABLE_OBJC_ARC = YES;
				CLANG_ENABLE_OBJC_WEAK = YES;
				CLANG_WARN_BLOCK_CAPTURE_AUTORELEASING = YES;
				CLANG_WARN_BOOL_CONVERSION = YES;
				CLANG_WARN_COMMA = YES;
				CLANG_WARN_CONSTANT_CONVERSION = YES;
				CLANG_WARN_DEPRECATED_OBJC_IMPLEMENTATIONS = YES;
				CLANG_WARN_DIRECT_OBJC_ISA_USAGE = YES_ERROR;
				CLANG_WARN_DOCUMENTATION_COMMENTS = YES;
				CLANG_WARN_EMPTY_BODY = YES;
				CLANG_WARN_ENUM_CONVERSION = YES;
				CLANG_WARN_INFINITE_RECURSION = YES;
				CLANG_WARN_INT_CONVERSION = YES;
				CLANG_WARN_NON_LITERAL_NULL_CONVERSION = YES;
				CLANG_WARN_OBJC_IMPLICIT_RETAIN_SELF = YES;
				CLANG_WARN_OBJC_LITERAL_CONVERSION = YES;
				CLANG_WARN_OBJC_ROOT_CLASS = YES_ERROR;
				CLANG_WARN_RANGE_LOOP_ANALYSIS = YES;
				CLANG_WARN_STRICT_PROTOTYPES = YES;
				CLANG_WARN_SUSPICIOUS_MOVE = YES;
				CLANG_WARN_UNGUARDED_AVAILABILITY = YES_AGGRESSIVE;
				CLANG_WARN_UNREACHABLE_CODE = YES;
				CLANG_WARN__DUPLICATE_METHOD_MATCH = YES;
				CODE_SIGN_IDENTITY = "iPhone Developer";
				COPY_PHASE_STRIP = NO;
				DEBUG_INFORMATION_FORMAT = dwarf;
				ENABLE_STRICT_OBJC_MSGSEND = YES;
				ENABLE_TESTABILITY = YES;
				GCC_C_LANGUAGE_STANDARD = gnu11;
				GCC_DYNAMIC_NO_PIC = NO;
				GCC_NO_COMMON_BLOCKS = YES;
				GCC_OPTIMIZATION_LEVEL = 0;
				GCC_PREPROCESSOR_DEFINITIONS = (
					"DEBUG=1",
					"$(inherited)",
				);
				GCC_WARN_64_TO_32_BIT_CONVERSION = YES;
				GCC_WARN_ABOUT_RETURN_TYPE = YES_ERROR;
				GCC_WARN_UNDECLARED_SELECTOR = YES;
				GCC_WARN_UNINITIALIZED_AUTOS = YES_AGGRESSIVE;
				GCC_WARN_UNUSED_FUNCTION = YES;
				GCC_WARN_UNUSED_VARIABLE = YES;
				IPHONEOS_DEPLOYMENT_TARGET = 12.4;
				MTL_ENABLE_DEBUG_INFO = INCLUDE_SOURCE;
				MTL_FAST_MATH = YES;
				ONLY_ACTIVE_ARCH = YES;
				SDKROOT = iphoneos;
				SWIFT_ACTIVE_COMPILATION_CONDITIONS = DEBUG;
				SWIFT_OPTIMIZATION_LEVEL = "-Onone";
			};
			name = Debug;
		};
		A56CBBBE23146DF8001F4AD9 /* Release */ = {
			isa = XCBuildConfiguration;
			buildSettings = {
				ALWAYS_SEARCH_USER_PATHS = NO;
				CLANG_ANALYZER_NONNULL = YES;
				CLANG_ANALYZER_NUMBER_OBJECT_CONVERSION = YES_AGGRESSIVE;
				CLANG_CXX_LANGUAGE_STANDARD = "gnu++14";
				CLANG_CXX_LIBRARY = "libc++";
				CLANG_ENABLE_MODULES = YES;
				CLANG_ENABLE_OBJC_ARC = YES;
				CLANG_ENABLE_OBJC_WEAK = YES;
				CLANG_WARN_BLOCK_CAPTURE_AUTORELEASING = YES;
				CLANG_WARN_BOOL_CONVERSION = YES;
				CLANG_WARN_COMMA = YES;
				CLANG_WARN_CONSTANT_CONVERSION = YES;
				CLANG_WARN_DEPRECATED_OBJC_IMPLEMENTATIONS = YES;
				CLANG_WARN_DIRECT_OBJC_ISA_USAGE = YES_ERROR;
				CLANG_WARN_DOCUMENTATION_COMMENTS = YES;
				CLANG_WARN_EMPTY_BODY = YES;
				CLANG_WARN_ENUM_CONVERSION = YES;
				CLANG_WARN_INFINITE_RECURSION = YES;
				CLANG_WARN_INT_CONVERSION = YES;
				CLANG_WARN_NON_LITERAL_NULL_CONVERSION = YES;
				CLANG_WARN_OBJC_IMPLICIT_RETAIN_SELF = YES;
				CLANG_WARN_OBJC_LITERAL_CONVERSION = YES;
				CLANG_WARN_OBJC_ROOT_CLASS = YES_ERROR;
				CLANG_WARN_RANGE_LOOP_ANALYSIS = YES;
				CLANG_WARN_STRICT_PROTOTYPES = YES;
				CLANG_WARN_SUSPICIOUS_MOVE = YES;
				CLANG_WARN_UNGUARDED_AVAILABILITY = YES_AGGRESSIVE;
				CLANG_WARN_UNREACHABLE_CODE = YES;
				CLANG_WARN__DUPLICATE_METHOD_MATCH = YES;
				CODE_SIGN_IDENTITY = "iPhone Developer";
				COPY_PHASE_STRIP = NO;
				DEBUG_INFORMATION_FORMAT = "dwarf-with-dsym";
				ENABLE_NS_ASSERTIONS = NO;
				ENABLE_STRICT_OBJC_MSGSEND = YES;
				GCC_C_LANGUAGE_STANDARD = gnu11;
				GCC_NO_COMMON_BLOCKS = YES;
				GCC_WARN_64_TO_32_BIT_CONVERSION = YES;
				GCC_WARN_ABOUT_RETURN_TYPE = YES_ERROR;
				GCC_WARN_UNDECLARED_SELECTOR = YES;
				GCC_WARN_UNINITIALIZED_AUTOS = YES_AGGRESSIVE;
				GCC_WARN_UNUSED_FUNCTION = YES;
				GCC_WARN_UNUSED_VARIABLE = YES;
				IPHONEOS_DEPLOYMENT_TARGET = 12.4;
				MTL_ENABLE_DEBUG_INFO = NO;
				MTL_FAST_MATH = YES;
				SDKROOT = iphoneos;
				SWIFT_COMPILATION_MODE = wholemodule;
				SWIFT_OPTIMIZATION_LEVEL = "-O";
				VALIDATE_PRODUCT = YES;
			};
			name = Release;
		};
		A56CBBC023146DF8001F4AD9 /* Debug */ = {
			isa = XCBuildConfiguration;
			buildSettings = {
				ASSETCATALOG_COMPILER_APPICON_NAME = AppIcon;
				CODE_SIGN_ENTITLEMENTS = "Journal - CK/Journal - CK.entitlements";
				CODE_SIGN_STYLE = Automatic;
				DEVELOPMENT_TEAM = 5H77479UZ4;
				INFOPLIST_FILE = "$(SRCROOT)/Journal - CK/Resources/Info.plist";
				LD_RUNPATH_SEARCH_PATHS = (
					"$(inherited)",
					"@executable_path/Frameworks",
				);
				PRODUCT_BUNDLE_IDENTIFIER = "com.michaelhmoore.Journal---CK";
				PRODUCT_NAME = "$(TARGET_NAME)";
				SWIFT_VERSION = 5.0;
				TARGETED_DEVICE_FAMILY = "1,2";
			};
			name = Debug;
		};
		A56CBBC123146DF8001F4AD9 /* Release */ = {
			isa = XCBuildConfiguration;
			buildSettings = {
				ASSETCATALOG_COMPILER_APPICON_NAME = AppIcon;
				CODE_SIGN_ENTITLEMENTS = "Journal - CK/Journal - CK.entitlements";
				CODE_SIGN_STYLE = Automatic;
				DEVELOPMENT_TEAM = 5H77479UZ4;
				INFOPLIST_FILE = "$(SRCROOT)/Journal - CK/Resources/Info.plist";
				LD_RUNPATH_SEARCH_PATHS = (
					"$(inherited)",
					"@executable_path/Frameworks",
				);
				PRODUCT_BUNDLE_IDENTIFIER = "com.michaelhmoore.Journal---CK";
				PRODUCT_NAME = "$(TARGET_NAME)";
				SWIFT_VERSION = 5.0;
				TARGETED_DEVICE_FAMILY = "1,2";
			};
			name = Release;
		};
/* End XCBuildConfiguration section */

/* Begin XCConfigurationList section */
		A56CBBA823146DF7001F4AD9 /* Build configuration list for PBXProject "Journal - CK" */ = {
			isa = XCConfigurationList;
			buildConfigurations = (
				A56CBBBD23146DF8001F4AD9 /* Debug */,
				A56CBBBE23146DF8001F4AD9 /* Release */,
			);
			defaultConfigurationIsVisible = 0;
			defaultConfigurationName = Release;
		};
		A56CBBBF23146DF8001F4AD9 /* Build configuration list for PBXNativeTarget "Journal - CK" */ = {
			isa = XCConfigurationList;
			buildConfigurations = (
				A56CBBC023146DF8001F4AD9 /* Debug */,
				A56CBBC123146DF8001F4AD9 /* Release */,
			);
			defaultConfigurationIsVisible = 0;
			defaultConfigurationName = Release;
		};
/* End XCConfigurationList section */
	};
	rootObject = A56CBBA523146DF7001F4AD9 /* Project object */;
}
